
Microsoft Visual Studio Solution File, Format Version 12.00
Project("{2150E333-8FDC-42A3-9474-1A3956D46DE8}") = "Services", "Services", "{E92DDAD6-3B91-488F-BF28-E66F7A90DAC7}"
EndProject
Project("{2150E333-8FDC-42A3-9474-1A3956D46DE8}") = "Catalog", "Catalog", "{6E21346D-1B0B-4147-BADF-278DA759AA8B}"
EndProject
Project("{FAE04EC0-301F-11D3-BF4B-00C04F79EFBC}") = "Catalog.API", "Services\Catalog\Catalog.API\Catalog.API.csproj", "{D1E8F451-65F6-4631-9B72-F32FCAAD2251}"
EndProject
Global
	GlobalSection(SolutionConfigurationPlatforms) = preSolution
		Debug|Any CPU = Debug|Any CPU
		Release|Any CPU = Release|Any CPU
	EndGlobalSection
	GlobalSection(NestedProjects) = preSolution
		{6E21346D-1B0B-4147-BADF-278DA759AA8B} = {E92DDAD6-3B91-488F-BF28-E66F7A90DAC7}
		{D1E8F451-65F6-4631-9B72-F32FCAAD2251} = {6E21346D-1B0B-4147-BADF-278DA759AA8B}
	EndGlobalSection
	GlobalSection(ProjectConfigurationPlatforms) = postSolution
		{D1E8F451-65F6-4631-9B72-F32FCAAD2251}.Debug|Any CPU.ActiveCfg = Debug|Any CPU
		{D1E8F451-65F6-4631-9B72-F32FCAAD2251}.Debug|Any CPU.Build.0 = Debug|Any CPU
		{D1E8F451-65F6-4631-9B72-F32FCAAD2251}.Release|Any CPU.ActiveCfg = Release|Any CPU
		{D1E8F451-65F6-4631-9B72-F32FCAAD2251}.Release|Any CPU.Build.0 = Release|Any CPU
	EndGlobalSection
EndGlobal
