
Microsoft Visual Studio Solution File, Format Version 12.00
# Visual Studio Version 17
VisualStudioVersion = 17.9.34728.123
MinimumVisualStudioVersion = 10.0.40219.1
Project("{2150E333-8FDC-42A3-9474-1A3956D46DE8}") = "Services", "Services", "{E92DDAD6-3B91-488F-BF28-E66F7A90DAC7}"
EndProject
Project("{2150E333-8FDC-42A3-9474-1A3956D46DE8}") = "Solution Items", "Solution Items", "{BECCDC59-1751-4AD8-B557-DBE55A12F029}"
	ProjectSection(SolutionItems) = preProject
		docker-compose.yml = docker-compose.yml
	EndProjectSection
EndProject
Project("{E53339B2-1760-4266-BCC7-CA923CBCF16C}") = "docker-compose", "docker-compose.dcproj", "{200B252C-7EDD-44E9-8AC6-7AA72F8D37FD}"
EndProject
Project("{FAE04EC0-301F-11D3-BF4B-00C04F79EFBC}") = "Catalog.API", "Services\Catalog.API\Catalog.API.csproj", "{6DEA4B78-1971-4724-B63F-97BDE77C70E9}"
EndProject
Project("{FAE04EC0-301F-11D3-BF4B-00C04F79EFBC}") = "BuildingBlocks", "Services\BuildingBlocks\BuildingBlocks.csproj", "{3603AFF4-FD54-48CB-9881-713A278AC147}"
EndProject
Global
	GlobalSection(SolutionConfigurationPlatforms) = preSolution
		Debug|Any CPU = Debug|Any CPU
		Release|Any CPU = Release|Any CPU
	EndGlobalSection
	GlobalSection(ProjectConfigurationPlatforms) = postSolution
		{200B252C-7EDD-44E9-8AC6-7AA72F8D37FD}.Debug|Any CPU.ActiveCfg = Debug|Any CPU
		{200B252C-7EDD-44E9-8AC6-7AA72F8D37FD}.Debug|Any CPU.Build.0 = Debug|Any CPU
		{200B252C-7EDD-44E9-8AC6-7AA72F8D37FD}.Release|Any CPU.ActiveCfg = Release|Any CPU
		{200B252C-7EDD-44E9-8AC6-7AA72F8D37FD}.Release|Any CPU.Build.0 = Release|Any CPU
		{6DEA4B78-1971-4724-B63F-97BDE77C70E9}.Debug|Any CPU.ActiveCfg = Debug|Any CPU
		{6DEA4B78-1971-4724-B63F-97BDE77C70E9}.Debug|Any CPU.Build.0 = Debug|Any CPU
		{6DEA4B78-1971-4724-B63F-97BDE77C70E9}.Release|Any CPU.ActiveCfg = Release|Any CPU
		{6DEA4B78-1971-4724-B63F-97BDE77C70E9}.Release|Any CPU.Build.0 = Release|Any CPU
		{3603AFF4-FD54-48CB-9881-713A278AC147}.Debug|Any CPU.ActiveCfg = Debug|Any CPU
		{3603AFF4-FD54-48CB-9881-713A278AC147}.Debug|Any CPU.Build.0 = Debug|Any CPU
		{3603AFF4-FD54-48CB-9881-713A278AC147}.Release|Any CPU.ActiveCfg = Release|Any CPU
		{3603AFF4-FD54-48CB-9881-713A278AC147}.Release|Any CPU.Build.0 = Release|Any CPU
	EndGlobalSection
	GlobalSection(SolutionProperties) = preSolution
		HideSolutionNode = FALSE
	EndGlobalSection
	GlobalSection(NestedProjects) = preSolution
		{6DEA4B78-1971-4724-B63F-97BDE77C70E9} = {E92DDAD6-3B91-488F-BF28-E66F7A90DAC7}
		{3603AFF4-FD54-48CB-9881-713A278AC147} = {E92DDAD6-3B91-488F-BF28-E66F7A90DAC7}
	EndGlobalSection
EndGlobal
